{
  "name": "distortiongl",
  "version": "0.4.3",
  "lockfileVersion": 3,
  "requires": true,
  "packages": {
    "": {
      "name": "distortiongl",
      "version": "0.4.3",
      "license": "MIT",
      "dependencies": {
        "distortiongl": "^0.4.0"
      }
    },
    "node_modules/distortiongl": {
      "version": "0.4.0",
      "resolved": "https://registry.npmjs.org/distortiongl/-/distortiongl-0.4.0.tgz",
      "integrity": "sha512-kvBuO2beTat010qNF8meEy++tm2hrUVmv029eVlqlqvCG+7ogLcCOKqmPANTf0XO2hzyzLP4TFP/vnu5rxqhLw==",
      "license": "MIT"
    }
  }
}
